dependencies:
  espressif/esp-dsp:
    component_hash: ed9ac175b14e0414399a2b33c525579414b5bad19a2a67b12ea212def96f9a98
    dependencies:
    - name: idf
      require: private
      version: '>=4.2'
    source:
      registry_url: https://components.espressif.com/
      type: service
    version: 1.8.2
  espressif/esp-nn:
    component_hash: 3b3411b0e4ad1717a72870fde9f9b67cef6f3f97491cc64fcfc1910a8fd8a246
    dependencies:
    - name: idf
      require: private
      version: '>=5.1'
    source:
      registry_url: https://components.espressif.com
      type: service
    version: 1.4.1
  espressif/esp-tflite-micro:
    component_hash: 1ce00c44af2362d48b5c0eefc5fcc60fa54d84db332c80005ae324556f4df0db
    dependencies:
    - name: espressif/esp-nn
      registry_url: https://components.espressif.com
      require: private
      version: '>=1.1.1'
    - name: idf
      require: private
      version: '>=5.1'
    source:
      registry_url: https://components.espressif.com/
      type: service
    version: 1.4.0
  idf:
    source:
      type: idf
    version: 5.5.1
  mccannex/sysmon:
    component_hash: ead404ebfbd08b168eb2707d3e4ae035fa6512ffabb818a48d9e300e5a0abd22
    dependencies:
    - name: idf
      require: private
      version: '>=4.4'
    source:
      registry_url: https://components.espressif.com/
      type: service
    version: 1.0.2
direct_dependencies:
- espressif/esp-dsp
- espressif/esp-tflite-micro
- idf
- mccannex/sysmon
manifest_hash: b3594f3920f6b70d49cebb5ef1a3f36a661fe9c0dcf95b60768cfd02be5d6d28
target: esp32s3
version: 2.0.0
